
Microsoft Visual Studio Solution File, Format Version 12.00
# Visual Studio Version 17
VisualStudioVersion = 17.14.36301.6 d17.14
MinimumVisualStudioVersion = 10.0.40219.1
Project("{888888A0-9F3D-457C-B088-3A5042F75D52}") = "coolgame", "coolgame\coolgame.pyproj", "{C77B975D-E355-4B79-85EE-EB221D5BE520}"
EndProject
Global
	GlobalSection(SolutionConfigurationPlatforms) = preSolution
		Debug|Any CPU = Debug|Any CPU
		Release|Any CPU = Release|Any CPU
	EndGlobalSection
	GlobalSection(ProjectConfigurationPlatforms) = postSolution
		{C77B975D-E355-4B79-85EE-EB221D5BE520}.Debug|Any CPU.ActiveCfg = Debug|Any CPU
		{C77B975D-E355-4B79-85EE-EB221D5BE520}.Release|Any CPU.ActiveCfg = Release|Any CPU
	EndGlobalSection
	GlobalSection(SolutionProperties) = preSolution
		HideSolutionNode = FALSE
	EndGlobalSection
	GlobalSection(ExtensibilityGlobals) = postSolution
		SolutionGuid = {F76ED11C-91E7-470D-A0F4-EDE57F18CF9D}
	EndGlobalSection
EndGlobal
